
Microsoft Visual Studio Solution File, Format Version 12.00
# Visual Studio Version 16
VisualStudioVersion = 16.0.30907.101
MinimumVisualStudioVersion = 10.0.40219.1
Project("{9A19103F-16F7-4668-BE54-9A1E7A4F7556}") = "KampIntro", "KampIntro\KampIntro.csproj", "{9B6E6C7F-66B1-4F10-892A-16EC72300131}"
EndProject
Project("{9A19103F-16F7-4668-BE54-9A1E7A4F7556}") = "Metotlar", "Metotlar\Metotlar.csproj", "{C7CF6D30-7F6F-4C94-B23D-39D3E6A6B44A}"
EndProject
Project("{9A19103F-16F7-4668-BE54-9A1E7A4F7556}") = "ClassIntro", "ClassIntro\ClassIntro.csproj", "{7ACB3E66-5175-4CEC-BD7D-AD76BD1B4D94}"
EndProject
Project("{9A19103F-16F7-4668-BE54-9A1E7A4F7556}") = "DegerVeReferansTipler", "DegerVeReferansTipler\DegerVeReferansTipler.csproj", "{B285D1DC-0EB8-47F5-83E4-454F3956E471}"
EndProject
Project("{9A19103F-16F7-4668-BE54-9A1E7A4F7556}") = "Donguler", "Donguler\Donguler.csproj", "{6AFCBAA4-F9B3-40DD-9EE9-66C804B7D9B5}"
EndProject
Project("{9A19103F-16F7-4668-BE54-9A1E7A4F7556}") = "Matematik", "Matematik\Matematik.csproj", "{A7934890-D16A-4874-99BB-7F3E67535EFE}"
EndProject
Project("{9A19103F-16F7-4668-BE54-9A1E7A4F7556}") = "ClassMetotDemo", "ClassMetotDemo\ClassMetotDemo.csproj", "{54109595-E049-48F5-81EF-64F695BF26DF}"
EndProject
Project("{9A19103F-16F7-4668-BE54-9A1E7A4F7556}") = "OOP1", "OOP1\OOP1.csproj", "{17720CB5-7D3C-45C8-865C-A199F0D78A8B}"
EndProject
Project("{9A19103F-16F7-4668-BE54-9A1E7A4F7556}") = "Koleksiyonlar", "Koleksiyonlar\Koleksiyonlar.csproj", "{4E8391F5-19CB-485D-B140-C606B38EA62E}"
EndProject
Project("{9A19103F-16F7-4668-BE54-9A1E7A4F7556}") = "GenericsIntro", "GenericsIntro\GenericsIntro.csproj", "{AD15E48E-5B90-4EB5-9392-3BBC85B2DEFF}"
EndProject
Project("{9A19103F-16F7-4668-BE54-9A1E7A4F7556}") = "MyDictionary", "MyDictionary\MyDictionary.csproj", "{3D102F0F-D905-4237-8FEF-D5AF8B1336DD}"
EndProject
Project("{FAE04EC0-301F-11D3-BF4B-00C04F79EFBC}") = "OOP2", "OOP2\OOP2.csproj", "{0E283198-F113-45EB-9363-0F9294278D4A}"
EndProject
Project("{FAE04EC0-301F-11D3-BF4B-00C04F79EFBC}") = "OOP3", "OOP3\OOP3.csproj", "{B9854850-9994-4692-869C-598CA97E0F32}"
EndProject
Global
	GlobalSection(SolutionConfigurationPlatforms) = preSolution
		Debug|Any CPU = Debug|Any CPU
		Release|Any CPU = Release|Any CPU
	EndGlobalSection
	GlobalSection(ProjectConfigurationPlatforms) = postSolution
		{9B6E6C7F-66B1-4F10-892A-16EC72300131}.Debug|Any CPU.ActiveCfg = Debug|Any CPU
		{9B6E6C7F-66B1-4F10-892A-16EC72300131}.Debug|Any CPU.Build.0 = Debug|Any CPU
		{9B6E6C7F-66B1-4F10-892A-16EC72300131}.Release|Any CPU.ActiveCfg = Release|Any CPU
		{9B6E6C7F-66B1-4F10-892A-16EC72300131}.Release|Any CPU.Build.0 = Release|Any CPU
		{C7CF6D30-7F6F-4C94-B23D-39D3E6A6B44A}.Debug|Any CPU.ActiveCfg = Debug|Any CPU
		{C7CF6D30-7F6F-4C94-B23D-39D3E6A6B44A}.Debug|Any CPU.Build.0 = Debug|Any CPU
		{C7CF6D30-7F6F-4C94-B23D-39D3E6A6B44A}.Release|Any CPU.ActiveCfg = Release|Any CPU
		{C7CF6D30-7F6F-4C94-B23D-39D3E6A6B44A}.Release|Any CPU.Build.0 = Release|Any CPU
		{7ACB3E66-5175-4CEC-BD7D-AD76BD1B4D94}.Debug|Any CPU.ActiveCfg = Debug|Any CPU
		{7ACB3E66-5175-4CEC-BD7D-AD76BD1B4D94}.Debug|Any CPU.Build.0 = Debug|Any CPU
		{7ACB3E66-5175-4CEC-BD7D-AD76BD1B4D94}.Release|Any CPU.ActiveCfg = Release|Any CPU
		{7ACB3E66-5175-4CEC-BD7D-AD76BD1B4D94}.Release|Any CPU.Build.0 = Release|Any CPU
		{B285D1DC-0EB8-47F5-83E4-454F3956E471}.Debug|Any CPU.ActiveCfg = Debug|Any CPU
		{B285D1DC-0EB8-47F5-83E4-454F3956E471}.Debug|Any CPU.Build.0 = Debug|Any CPU
		{B285D1DC-0EB8-47F5-83E4-454F3956E471}.Release|Any CPU.ActiveCfg = Release|Any CPU
		{B285D1DC-0EB8-47F5-83E4-454F3956E471}.Release|Any CPU.Build.0 = Release|Any CPU
		{6AFCBAA4-F9B3-40DD-9EE9-66C804B7D9B5}.Debug|Any CPU.ActiveCfg = Debug|Any CPU
		{6AFCBAA4-F9B3-40DD-9EE9-66C804B7D9B5}.Debug|Any CPU.Build.0 = Debug|Any CPU
		{6AFCBAA4-F9B3-40DD-9EE9-66C804B7D9B5}.Release|Any CPU.ActiveCfg = Release|Any CPU
		{6AFCBAA4-F9B3-40DD-9EE9-66C804B7D9B5}.Release|Any CPU.Build.0 = Release|Any CPU
		{A7934890-D16A-4874-99BB-7F3E67535EFE}.Debug|Any CPU.ActiveCfg = Debug|Any CPU
		{A7934890-D16A-4874-99BB-7F3E67535EFE}.Debug|Any CPU.Build.0 = Debug|Any CPU
		{A7934890-D16A-4874-99BB-7F3E67535EFE}.Release|Any CPU.ActiveCfg = Release|Any CPU
		{A7934890-D16A-4874-99BB-7F3E67535EFE}.Release|Any CPU.Build.0 = Release|Any CPU
		{54109595-E049-48F5-81EF-64F695BF26DF}.Debug|Any CPU.ActiveCfg = Debug|Any CPU
		{54109595-E049-48F5-81EF-64F695BF26DF}.Debug|Any CPU.Build.0 = Debug|Any CPU
		{54109595-E049-48F5-81EF-64F695BF26DF}.Release|Any CPU.ActiveCfg = Release|Any CPU
		{54109595-E049-48F5-81EF-64F695BF26DF}.Release|Any CPU.Build.0 = Release|Any CPU
		{17720CB5-7D3C-45C8-865C-A199F0D78A8B}.Debug|Any CPU.ActiveCfg = Debug|Any CPU
		{17720CB5-7D3C-45C8-865C-A199F0D78A8B}.Debug|Any CPU.Build.0 = Debug|Any CPU
		{17720CB5-7D3C-45C8-865C-A199F0D78A8B}.Release|Any CPU.ActiveCfg = Release|Any CPU
		{17720CB5-7D3C-45C8-865C-A199F0D78A8B}.Release|Any CPU.Build.0 = Release|Any CPU
		{4E8391F5-19CB-485D-B140-C606B38EA62E}.Debug|Any CPU.ActiveCfg = Debug|Any CPU
		{4E8391F5-19CB-485D-B140-C606B38EA62E}.Debug|Any CPU.Build.0 = Debug|Any CPU
		{4E8391F5-19CB-485D-B140-C606B38EA62E}.Release|Any CPU.ActiveCfg = Release|Any CPU
		{4E8391F5-19CB-485D-B140-C606B38EA62E}.Release|Any CPU.Build.0 = Release|Any CPU
		{AD15E48E-5B90-4EB5-9392-3BBC85B2DEFF}.Debug|Any CPU.ActiveCfg = Debug|Any CPU
		{AD15E48E-5B90-4EB5-9392-3BBC85B2DEFF}.Debug|Any CPU.Build.0 = Debug|Any CPU
		{AD15E48E-5B90-4EB5-9392-3BBC85B2DEFF}.Release|Any CPU.ActiveCfg = Release|Any CPU
		{AD15E48E-5B90-4EB5-9392-3BBC85B2DEFF}.Release|Any CPU.Build.0 = Release|Any CPU
		{3D102F0F-D905-4237-8FEF-D5AF8B1336DD}.Debug|Any CPU.ActiveCfg = Debug|Any CPU
		{3D102F0F-D905-4237-8FEF-D5AF8B1336DD}.Debug|Any CPU.Build.0 = Debug|Any CPU
		{3D102F0F-D905-4237-8FEF-D5AF8B1336DD}.Release|Any CPU.ActiveCfg = Release|Any CPU
		{3D102F0F-D905-4237-8FEF-D5AF8B1336DD}.Release|Any CPU.Build.0 = Release|Any CPU
		{0E283198-F113-45EB-9363-0F9294278D4A}.Debug|Any CPU.ActiveCfg = Debug|Any CPU
		{0E283198-F113-45EB-9363-0F9294278D4A}.Debug|Any CPU.Build.0 = Debug|Any CPU
		{0E283198-F113-45EB-9363-0F9294278D4A}.Release|Any CPU.ActiveCfg = Release|Any CPU
		{0E283198-F113-45EB-9363-0F9294278D4A}.Release|Any CPU.Build.0 = Release|Any CPU
		{B9854850-9994-4692-869C-598CA97E0F32}.Debug|Any CPU.ActiveCfg = Debug|Any CPU
		{B9854850-9994-4692-869C-598CA97E0F32}.Debug|Any CPU.Build.0 = Debug|Any CPU
		{B9854850-9994-4692-869C-598CA97E0F32}.Release|Any CPU.ActiveCfg = Release|Any CPU
		{B9854850-9994-4692-869C-598CA97E0F32}.Release|Any CPU.Build.0 = Release|Any CPU
	EndGlobalSection
	GlobalSection(SolutionProperties) = preSolution
		HideSolutionNode = FALSE
	EndGlobalSection
	GlobalSection(ExtensibilityGlobals) = postSolution
		SolutionGuid = {CACF8499-A26E-41CD-87AE-604B5F0E0D12}
	EndGlobalSection
EndGlobal
